// !$*UTF8*$!
{
	archiveVersion = 1;
	classes = {
	};
	objectVersion = 50;
	objects = {

/* Begin PBXBuildFile section */
		2769C07F6D801A993DF696DA /* Pods_Camililo_IOS.framework in Frameworks */ = {isa = PBXBuildFile; fileRef = AE386BA02ACD2A2DA625B704 /* Pods_Camililo_IOS.framework */; };
		3D375ACD222B084F0042079D /* WebStatementExpenseParser.swift in Sources */ = {isa = PBXBuildFile; fileRef = 3D375ACC222B084F0042079D /* WebStatementExpenseParser.swift */; };
		3D375ACE222B084F0042079D /* WebStatementExpenseParser.swift in Sources */ = {isa = PBXBuildFile; fileRef = 3D375ACC222B084F0042079D /* WebStatementExpenseParser.swift */; };
		3D375AD0222B085F0042079D /* CSVExpenseParser.swift in Sources */ = {isa = PBXBuildFile; fileRef = 3D375ACF222B085F0042079D /* CSVExpenseParser.swift */; };
		3D375AD1222B085F0042079D /* CSVExpenseParser.swift in Sources */ = {isa = PBXBuildFile; fileRef = 3D375ACF222B085F0042079D /* CSVExpenseParser.swift */; };
		3D375AD5222B087A0042079D /* ExpenseParser.swift in Sources */ = {isa = PBXBuildFile; fileRef = 3D375AD3222B087A0042079D /* ExpenseParser.swift */; };
		3D375AD9222B08E00042079D /* HomeConnector.swift in Sources */ = {isa = PBXBuildFile; fileRef = 3D375AD7222B08E00042079D /* HomeConnector.swift */; };
		3D375ADB222B0A670042079D /* accountactivity.csv in Resources */ = {isa = PBXBuildFile; fileRef = 3D375ADA222B0A670042079D /* accountactivity.csv */; };
		3D375ADF222B0E540042079D /* CategoriesFilterSingleSelectionNavigationSegue.swift in Sources */ = {isa = PBXBuildFile; fileRef = 3D375ADE222B0E540042079D /* CategoriesFilterSingleSelectionNavigationSegue.swift */; };
		3D3A1D052259257900EFE799 /* Budget.storyboard in Resources */ = {isa = PBXBuildFile; fileRef = 3D3A1D042259257900EFE799 /* Budget.storyboard */; };
		3D3A1D092259269000EFE799 /* BudgetSetupModalPresentationSegue.swift in Sources */ = {isa = PBXBuildFile; fileRef = 3D3A1D082259269000EFE799 /* BudgetSetupModalPresentationSegue.swift */; };
		3D3A1D0C225926B600EFE799 /* BudgetSetupViewController.swift in Sources */ = {isa = PBXBuildFile; fileRef = 3D3A1D0B225926B600EFE799 /* BudgetSetupViewController.swift */; };
		3D3A1D16225928D900EFE799 /* BudgetSetupUseCaseProtocol.swift in Sources */ = {isa = PBXBuildFile; fileRef = 3D3A1D10225928D800EFE799 /* BudgetSetupUseCaseProtocol.swift */; };
		3D3A1D17225928D900EFE799 /* BudgetSetupViewEventHandler.swift in Sources */ = {isa = PBXBuildFile; fileRef = 3D3A1D11225928D800EFE799 /* BudgetSetupViewEventHandler.swift */; };
		3D3A1D18225928D900EFE799 /* BudgetSetupView.swift in Sources */ = {isa = PBXBuildFile; fileRef = 3D3A1D12225928D800EFE799 /* BudgetSetupView.swift */; };
		3D3A1D19225928D900EFE799 /* BudgetSetupPresentable.swift in Sources */ = {isa = PBXBuildFile; fileRef = 3D3A1D13225928D900EFE799 /* BudgetSetupPresentable.swift */; };
		3D3A1D1A225928D900EFE799 /* BudgetSetupNavigation.swift in Sources */ = {isa = PBXBuildFile; fileRef = 3D3A1D14225928D900EFE799 /* BudgetSetupNavigation.swift */; };
		3D3A1D1B225928D900EFE799 /* BudgetSetupEntityGatewayProtocol.swift in Sources */ = {isa = PBXBuildFile; fileRef = 3D3A1D15225928D900EFE799 /* BudgetSetupEntityGatewayProtocol.swift */; };
		3D3A1D21225928F900EFE799 /* BudgetSetupUseCase.swift in Sources */ = {isa = PBXBuildFile; fileRef = 3D3A1D1C225928F900EFE799 /* BudgetSetupUseCase.swift */; };
		3D3A1D22225928F900EFE799 /* BudgetSetupPresenter.swift in Sources */ = {isa = PBXBuildFile; fileRef = 3D3A1D1D225928F900EFE799 /* BudgetSetupPresenter.swift */; };
		3D3A1D23225928F900EFE799 /* BudgetSetupWireframe.swift in Sources */ = {isa = PBXBuildFile; fileRef = 3D3A1D1E225928F900EFE799 /* BudgetSetupWireframe.swift */; };
		3D3A1D24225928F900EFE799 /* BudgetSetupEntityGateway.swift in Sources */ = {isa = PBXBuildFile; fileRef = 3D3A1D1F225928F900EFE799 /* BudgetSetupEntityGateway.swift */; };
		3D3A1D25225928F900EFE799 /* BudgetSetupConnector.swift in Sources */ = {isa = PBXBuildFile; fileRef = 3D3A1D20225928F900EFE799 /* BudgetSetupConnector.swift */; };
		3D62433A21D07B8E007C2677 /* main.swift in Sources */ = {isa = PBXBuildFile; fileRef = 3D62433921D07B8E007C2677 /* main.swift */; };
		3D62434721D07BB5007C2677 /* AppDelegate.swift in Sources */ = {isa = PBXBuildFile; fileRef = 3D62434621D07BB5007C2677 /* AppDelegate.swift */; };
		3D62434921D07BB5007C2677 /* HomeViewController.swift in Sources */ = {isa = PBXBuildFile; fileRef = 3D62434821D07BB5007C2677 /* HomeViewController.swift */; };
		3D62434C21D07BB5007C2677 /* Main.storyboard in Resources */ = {isa = PBXBuildFile; fileRef = 3D62434A21D07BB5007C2677 /* Main.storyboard */; };
		3D62434E21D07BB7007C2677 /* Assets.xcassets in Resources */ = {isa = PBXBuildFile; fileRef = 3D62434D21D07BB7007C2677 /* Assets.xcassets */; };
		3D62435121D07BB7007C2677 /* LaunchScreen.storyboard in Resources */ = {isa = PBXBuildFile; fileRef = 3D62434F21D07BB7007C2677 /* LaunchScreen.storyboard */; };
		3D62435821D07BE5007C2677 /* ExpenseCategory.swift in Sources */ = {isa = PBXBuildFile; fileRef = 3D62435721D07BE5007C2677 /* ExpenseCategory.swift */; };
		3D62435921D07BE5007C2677 /* ExpenseCategory.swift in Sources */ = {isa = PBXBuildFile; fileRef = 3D62435721D07BE5007C2677 /* ExpenseCategory.swift */; };
		3D62435C21D07BFF007C2677 /* Expense.swift in Sources */ = {isa = PBXBuildFile; fileRef = 3D62435B21D07BFF007C2677 /* Expense.swift */; };
		3D62435D21D07BFF007C2677 /* Expense.swift in Sources */ = {isa = PBXBuildFile; fileRef = 3D62435B21D07BFF007C2677 /* Expense.swift */; };
		3D6F456922519AA2005CE4FB /* CalendarPopUpView.swift in Sources */ = {isa = PBXBuildFile; fileRef = 3D6F456722519AA2005CE4FB /* CalendarPopUpView.swift */; };
		3D6F456A22519AA2005CE4FB /* CalendarPopUpView.xib in Resources */ = {isa = PBXBuildFile; fileRef = 3D6F456822519AA2005CE4FB /* CalendarPopUpView.xib */; };
		3D6F456C22519AD9005CE4FB /* UIView+Corners.swift in Sources */ = {isa = PBXBuildFile; fileRef = 3D6F456B22519AD9005CE4FB /* UIView+Corners.swift */; };
		3D77082422AEF2CC00B215E4 /* web_statement.txt in Resources */ = {isa = PBXBuildFile; fileRef = 3D77082322AEF2CC00B215E4 /* web_statement.txt */; };
		3D8BDF3821D9678A00254F4A /* HomeEntityGatewayProtocol.swift in Sources */ = {isa = PBXBuildFile; fileRef = 3D8BDF3721D9678A00254F4A /* HomeEntityGatewayProtocol.swift */; };
		3D8BDF3A21D96A3800254F4A /* HomePresenter.swift in Sources */ = {isa = PBXBuildFile; fileRef = 3D8BDF3921D96A3800254F4A /* HomePresenter.swift */; };
		3D8BDF3C21D96A6900254F4A /* HomeUseCaseProtocol.swift in Sources */ = {isa = PBXBuildFile; fileRef = 3D8BDF3B21D96A6900254F4A /* HomeUseCaseProtocol.swift */; };
		3D8BDF3E21D96A8300254F4A /* HomeUseCase.swift in Sources */ = {isa = PBXBuildFile; fileRef = 3D8BDF3D21D96A8300254F4A /* HomeUseCase.swift */; };
		3D8BDF4021D96AB200254F4A /* HomePresentation.swift in Sources */ = {isa = PBXBuildFile; fileRef = 3D8BDF3F21D96AB200254F4A /* HomePresentation.swift */; };
		3D8BDF4221D96BAA00254F4A /* HomeViewEventHandler.swift in Sources */ = {isa = PBXBuildFile; fileRef = 3D8BDF4121D96BAA00254F4A /* HomeViewEventHandler.swift */; };
		3D8BDF4421D96BD300254F4A /* HomeView.swift in Sources */ = {isa = PBXBuildFile; fileRef = 3D8BDF4321D96BD300254F4A /* HomeView.swift */; };
		3D8BDF4721D96C6200254F4A /* ExpenseDisplay.swift in Sources */ = {isa = PBXBuildFile; fileRef = 3D8BDF4521D96C5F00254F4A /* ExpenseDisplay.swift */; };
		3D8BDF4921D96C8D00254F4A /* ExpenseDisplayable.swift in Sources */ = {isa = PBXBuildFile; fileRef = 3D8BDF4821D96C8D00254F4A /* ExpenseDisplayable.swift */; };
		3D8BDF4C21D96DDC00254F4A /* ExpenseTableViewCell.swift in Sources */ = {isa = PBXBuildFile; fileRef = 3D8BDF4B21D96DDC00254F4A /* ExpenseTableViewCell.swift */; };
		3D8BDF4E21D96EEB00254F4A /* ExpenseCellProtocol.swift in Sources */ = {isa = PBXBuildFile; fileRef = 3D8BDF4D21D96EEB00254F4A /* ExpenseCellProtocol.swift */; };
		3D8BDF5021D972EA00254F4A /* ExpenseCategoryDisplay.swift in Sources */ = {isa = PBXBuildFile; fileRef = 3D8BDF4F21D972EA00254F4A /* ExpenseCategoryDisplay.swift */; };
		3D9D27F82259CDA7008D3C15 /* UITableViewCell+Register.swift in Sources */ = {isa = PBXBuildFile; fileRef = 3D9D27F72259CDA7008D3C15 /* UITableViewCell+Register.swift */; };
		3DACF23B2259D4A000A60C97 /* HomeEntityGateway.swift in Sources */ = {isa = PBXBuildFile; fileRef = 3D8BDF3421D9675B00254F4A /* HomeEntityGateway.swift */; };
		3DACF2492259D70200A60C97 /* CategoriesFilterNavigation.swift in Sources */ = {isa = PBXBuildFile; fileRef = 3DACF2432259D70100A60C97 /* CategoriesFilterNavigation.swift */; };
		3DACF24A2259D70200A60C97 /* CategoriesFilterViewEventHandler.swift in Sources */ = {isa = PBXBuildFile; fileRef = 3DACF2442259D70200A60C97 /* CategoriesFilterViewEventHandler.swift */; };
		3DACF24B2259D70200A60C97 /* CategoriesFilterEntityGatewayProtocol.swift in Sources */ = {isa = PBXBuildFile; fileRef = 3DACF2452259D70200A60C97 /* CategoriesFilterEntityGatewayProtocol.swift */; };
		3DACF24C2259D70200A60C97 /* HomeViewToCategoriesSingleSelectionTransition.swift in Sources */ = {isa = PBXBuildFile; fileRef = 3DACF2462259D70200A60C97 /* HomeViewToCategoriesSingleSelectionTransition.swift */; };
		3DACF24D2259D70200A60C97 /* CategoriesFilterView.swift in Sources */ = {isa = PBXBuildFile; fileRef = 3DACF2472259D70200A60C97 /* CategoriesFilterView.swift */; };
		3DACF24E2259D70200A60C97 /* CategoriesFilterUseCaseProtocol.swift in Sources */ = {isa = PBXBuildFile; fileRef = 3DACF2482259D70200A60C97 /* CategoriesFilterUseCaseProtocol.swift */; };
		3DACF2522259D7E200A60C97 /* CategoriesFilterPresentable.swift in Sources */ = {isa = PBXBuildFile; fileRef = 3DACF2512259D7E200A60C97 /* CategoriesFilterPresentable.swift */; };
		3DACF2532259D88A00A60C97 /* CategoriesFilterTableViewController.swift in Sources */ = {isa = PBXBuildFile; fileRef = 3DD1457621EA45B500884F28 /* CategoriesFilterTableViewController.swift */; };
		3DD1457721EA45B500884F28 /* CategoriesFilterTableViewController.swift in Sources */ = {isa = PBXBuildFile; fileRef = 3DD1457621EA45B500884F28 /* CategoriesFilterTableViewController.swift */; };
		3DD1459F21EA476600884F28 /* CategoriesFilterMultiSelectionNavigationSegue.swift in Sources */ = {isa = PBXBuildFile; fileRef = 3DD1459E21EA476600884F28 /* CategoriesFilterMultiSelectionNavigationSegue.swift */; };
		3DD145BB21EA4B3900884F28 /* CategoriesFilterWireframe.swift in Sources */ = {isa = PBXBuildFile; fileRef = 3DD145AE21EA4B3900884F28 /* CategoriesFilterWireframe.swift */; };
		3DD145BC21EA4B3900884F28 /* CategoriesFilterWireframe.swift in Sources */ = {isa = PBXBuildFile; fileRef = 3DD145AE21EA4B3900884F28 /* CategoriesFilterWireframe.swift */; };
		3DD145BD21EA4B3900884F28 /* CategoriesFilterEntityGateway.swift in Sources */ = {isa = PBXBuildFile; fileRef = 3DD145AF21EA4B3900884F28 /* CategoriesFilterEntityGateway.swift */; };
		3DD145BE21EA4B3900884F28 /* CategoriesFilterEntityGateway.swift in Sources */ = {isa = PBXBuildFile; fileRef = 3DD145AF21EA4B3900884F28 /* CategoriesFilterEntityGateway.swift */; };
		3DD145BF21EA4B3900884F28 /* CategoriesFilterConnector.swift in Sources */ = {isa = PBXBuildFile; fileRef = 3DD145B021EA4B3900884F28 /* CategoriesFilterConnector.swift */; };
		3DD145C021EA4B3900884F28 /* CategoriesFilterConnector.swift in Sources */ = {isa = PBXBuildFile; fileRef = 3DD145B021EA4B3900884F28 /* CategoriesFilterConnector.swift */; };
		3DD145C121EA4B3900884F28 /* CategoriesFilterUseCase.swift in Sources */ = {isa = PBXBuildFile; fileRef = 3DD145B121EA4B3900884F28 /* CategoriesFilterUseCase.swift */; };
		3DD145C221EA4B3900884F28 /* CategoriesFilterUseCase.swift in Sources */ = {isa = PBXBuildFile; fileRef = 3DD145B121EA4B3900884F28 /* CategoriesFilterUseCase.swift */; };
		3DD145C321EA4B3900884F28 /* CategoriesFilterPresenter.swift in Sources */ = {isa = PBXBuildFile; fileRef = 3DD145B221EA4B3900884F28 /* CategoriesFilterPresenter.swift */; };
		3DD145C421EA4B3900884F28 /* CategoriesFilterPresenter.swift in Sources */ = {isa = PBXBuildFile; fileRef = 3DD145B221EA4B3900884F28 /* CategoriesFilterPresenter.swift */; };
		3DD145D521EA4EEC00884F28 /* CategoryDisplayData.swift in Sources */ = {isa = PBXBuildFile; fileRef = 3DD145D421EA4EEC00884F28 /* CategoryDisplayData.swift */; };
		3DD145D621EA4EEC00884F28 /* CategoryDisplayData.swift in Sources */ = {isa = PBXBuildFile; fileRef = 3DD145D421EA4EEC00884F28 /* CategoryDisplayData.swift */; };
		3DD145D821EA506D00884F28 /* UITableViewCell+CategoryItemView.swift in Sources */ = {isa = PBXBuildFile; fileRef = 3DD145D721EA506D00884F28 /* UITableViewCell+CategoryItemView.swift */; };
		3DEFA81E2207CCBF0055D4A9 /* web_statement_bkp.txt in Resources */ = {isa = PBXBuildFile; fileRef = 3DEFA81D2207CCBF0055D4A9 /* web_statement_bkp.txt */; };
		A8A91EE088926DC139DCD000 /* Pods_Camililo.framework in Frameworks */ = {isa = PBXBuildFile; fileRef = 9E1973EE2E6B09F0878300F2 /* Pods_Camililo.framework */; };
/* End PBXBuildFile section */

/* Begin PBXCopyFilesBuildPhase section */
		3D62433421D07B8E007C2677 /* CopyFiles */ = {
			isa = PBXCopyFilesBuildPhase;
			buildActionMask = 2147483647;
			dstPath = /usr/share/man/man1/;
			dstSubfolderSpec = 0;
			files = (
			);
			runOnlyForDeploymentPostprocessing = 1;
		};
/* End PBXCopyFilesBuildPhase section */

/* Begin PBXFileReference section */
		3D375ACC222B084F0042079D /* WebStatementExpenseParser.swift */ = {isa = PBXFileReference; lastKnownFileType = sourcecode.swift; path = WebStatementExpenseParser.swift; sourceTree = "<group>"; };
		3D375ACF222B085F0042079D /* CSVExpenseParser.swift */ = {isa = PBXFileReference; lastKnownFileType = sourcecode.swift; path = CSVExpenseParser.swift; sourceTree = "<group>"; };
		3D375AD3222B087A0042079D /* ExpenseParser.swift */ = {isa = PBXFileReference; lastKnownFileType = sourcecode.swift; path = ExpenseParser.swift; sourceTree = "<group>"; };
		3D375AD7222B08E00042079D /* HomeConnector.swift */ = {isa = PBXFileReference; lastKnownFileType = sourcecode.swift; path = HomeConnector.swift; sourceTree = "<group>"; };
		3D375ADA222B0A670042079D /* accountactivity.csv */ = {isa = PBXFileReference; fileEncoding = 4; lastKnownFileType = text; path = accountactivity.csv; sourceTree = "<group>"; };
		3D375ADE222B0E540042079D /* CategoriesFilterSingleSelectionNavigationSegue.swift */ = {isa = PBXFileReference; lastKnownFileType = sourcecode.swift; path = CategoriesFilterSingleSelectionNavigationSegue.swift; sourceTree = "<group>"; };
		3D3A1D042259257900EFE799 /* Budget.storyboard */ = {isa = PBXFileReference; lastKnownFileType = file.storyboard; path = Budget.storyboard; sourceTree = "<group>"; };
		3D3A1D082259269000EFE799 /* BudgetSetupModalPresentationSegue.swift */ = {isa = PBXFileReference; lastKnownFileType = sourcecode.swift; path = BudgetSetupModalPresentationSegue.swift; sourceTree = "<group>"; };
		3D3A1D0B225926B600EFE799 /* BudgetSetupViewController.swift */ = {isa = PBXFileReference; lastKnownFileType = sourcecode.swift; path = BudgetSetupViewController.swift; sourceTree = "<group>"; };
		3D3A1D10225928D800EFE799 /* BudgetSetupUseCaseProtocol.swift */ = {isa = PBXFileReference; fileEncoding = 4; lastKnownFileType = sourcecode.swift; path = BudgetSetupUseCaseProtocol.swift; sourceTree = "<group>"; };
		3D3A1D11225928D800EFE799 /* BudgetSetupViewEventHandler.swift */ = {isa = PBXFileReference; fileEncoding = 4; lastKnownFileType = sourcecode.swift; path = BudgetSetupViewEventHandler.swift; sourceTree = "<group>"; };
		3D3A1D12225928D800EFE799 /* BudgetSetupView.swift */ = {isa = PBXFileReference; fileEncoding = 4; lastKnownFileType = sourcecode.swift; path = BudgetSetupView.swift; sourceTree = "<group>"; };
		3D3A1D13225928D900EFE799 /* BudgetSetupPresentable.swift */ = {isa = PBXFileReference; fileEncoding = 4; lastKnownFileType = sourcecode.swift; path = BudgetSetupPresentable.swift; sourceTree = "<group>"; };
		3D3A1D14225928D900EFE799 /* BudgetSetupNavigation.swift */ = {isa = PBXFileReference; fileEncoding = 4; lastKnownFileType = sourcecode.swift; path = BudgetSetupNavigation.swift; sourceTree = "<group>"; };
		3D3A1D15225928D900EFE799 /* BudgetSetupEntityGatewayProtocol.swift */ = {isa = PBXFileReference; fileEncoding = 4; lastKnownFileType = sourcecode.swift; path = BudgetSetupEntityGatewayProtocol.swift; sourceTree = "<group>"; };
		3D3A1D1C225928F900EFE799 /* BudgetSetupUseCase.swift */ = {isa = PBXFileReference; fileEncoding = 4; lastKnownFileType = sourcecode.swift; path = BudgetSetupUseCase.swift; sourceTree = "<group>"; };
		3D3A1D1D225928F900EFE799 /* BudgetSetupPresenter.swift */ = {isa = PBXFileReference; fileEncoding = 4; lastKnownFileType = sourcecode.swift; path = BudgetSetupPresenter.swift; sourceTree = "<group>"; };
		3D3A1D1E225928F900EFE799 /* BudgetSetupWireframe.swift */ = {isa = PBXFileReference; fileEncoding = 4; lastKnownFileType = sourcecode.swift; path = BudgetSetupWireframe.swift; sourceTree = "<group>"; };
		3D3A1D1F225928F900EFE799 /* BudgetSetupEntityGateway.swift */ = {isa = PBXFileReference; fileEncoding = 4; lastKnownFileType = sourcecode.swift; path = BudgetSetupEntityGateway.swift; sourceTree = "<group>"; };
		3D3A1D20225928F900EFE799 /* BudgetSetupConnector.swift */ = {isa = PBXFileReference; fileEncoding = 4; lastKnownFileType = sourcecode.swift; path = BudgetSetupConnector.swift; sourceTree = "<group>"; };
		3D62433621D07B8E007C2677 /* Camililo */ = {isa = PBXFileReference; explicitFileType = "compiled.mach-o.executable"; includeInIndex = 0; path = Camililo; sourceTree = BUILT_PRODUCTS_DIR; };
		3D62433921D07B8E007C2677 /* main.swift */ = {isa = PBXFileReference; lastKnownFileType = sourcecode.swift; path = main.swift; sourceTree = "<group>"; };
		3D62434421D07BB5007C2677 /* Camililo-IOS.app */ = {isa = PBXFileReference; explicitFileType = wrapper.application; includeInIndex = 0; path = "Camililo-IOS.app"; sourceTree = BUILT_PRODUCTS_DIR; };
		3D62434621D07BB5007C2677 /* AppDelegate.swift */ = {isa = PBXFileReference; lastKnownFileType = sourcecode.swift; path = AppDelegate.swift; sourceTree = "<group>"; };
		3D62434821D07BB5007C2677 /* HomeViewController.swift */ = {isa = PBXFileReference; lastKnownFileType = sourcecode.swift; path = HomeViewController.swift; sourceTree = "<group>"; };
		3D62434B21D07BB5007C2677 /* Base */ = {isa = PBXFileReference; lastKnownFileType = file.storyboard; name = Base; path = Base.lproj/Main.storyboard; sourceTree = "<group>"; };
		3D62434D21D07BB7007C2677 /* Assets.xcassets */ = {isa = PBXFileReference; lastKnownFileType = folder.assetcatalog; path = Assets.xcassets; sourceTree = "<group>"; };
		3D62435021D07BB7007C2677 /* Base */ = {isa = PBXFileReference; lastKnownFileType = file.storyboard; name = Base; path = Base.lproj/LaunchScreen.storyboard; sourceTree = "<group>"; };
		3D62435221D07BB7007C2677 /* Info.plist */ = {isa = PBXFileReference; lastKnownFileType = text.plist.xml; path = Info.plist; sourceTree = "<group>"; };
		3D62435721D07BE5007C2677 /* ExpenseCategory.swift */ = {isa = PBXFileReference; lastKnownFileType = sourcecode.swift; path = ExpenseCategory.swift; sourceTree = "<group>"; };
		3D62435B21D07BFF007C2677 /* Expense.swift */ = {isa = PBXFileReference; lastKnownFileType = sourcecode.swift; path = Expense.swift; sourceTree = "<group>"; };
		3D6F456722519AA2005CE4FB /* CalendarPopUpView.swift */ = {isa = PBXFileReference; fileEncoding = 4; lastKnownFileType = sourcecode.swift; path = CalendarPopUpView.swift; sourceTree = "<group>"; };
		3D6F456822519AA2005CE4FB /* CalendarPopUpView.xib */ = {isa = PBXFileReference; fileEncoding = 4; lastKnownFileType = file.xib; path = CalendarPopUpView.xib; sourceTree = "<group>"; };
		3D6F456B22519AD9005CE4FB /* UIView+Corners.swift */ = {isa = PBXFileReference; lastKnownFileType = sourcecode.swift; path = "UIView+Corners.swift"; sourceTree = "<group>"; };
		3D77082322AEF2CC00B215E4 /* web_statement.txt */ = {isa = PBXFileReference; fileEncoding = 4; lastKnownFileType = text; path = web_statement.txt; sourceTree = "<group>"; };
		3D8BDF3421D9675B00254F4A /* HomeEntityGateway.swift */ = {isa = PBXFileReference; lastKnownFileType = sourcecode.swift; path = HomeEntityGateway.swift; sourceTree = "<group>"; };
		3D8BDF3721D9678A00254F4A /* HomeEntityGatewayProtocol.swift */ = {isa = PBXFileReference; lastKnownFileType = sourcecode.swift; path = HomeEntityGatewayProtocol.swift; sourceTree = "<group>"; };
		3D8BDF3921D96A3800254F4A /* HomePresenter.swift */ = {isa = PBXFileReference; lastKnownFileType = sourcecode.swift; path = HomePresenter.swift; sourceTree = "<group>"; };
		3D8BDF3B21D96A6900254F4A /* HomeUseCaseProtocol.swift */ = {isa = PBXFileReference; lastKnownFileType = sourcecode.swift; path = HomeUseCaseProtocol.swift; sourceTree = "<group>"; };
		3D8BDF3D21D96A8300254F4A /* HomeUseCase.swift */ = {isa = PBXFileReference; lastKnownFileType = sourcecode.swift; path = HomeUseCase.swift; sourceTree = "<group>"; };
		3D8BDF3F21D96AB200254F4A /* HomePresentation.swift */ = {isa = PBXFileReference; lastKnownFileType = sourcecode.swift; path = HomePresentation.swift; sourceTree = "<group>"; };
		3D8BDF4121D96BAA00254F4A /* HomeViewEventHandler.swift */ = {isa = PBXFileReference; lastKnownFileType = sourcecode.swift; path = HomeViewEventHandler.swift; sourceTree = "<group>"; };
		3D8BDF4321D96BD300254F4A /* HomeView.swift */ = {isa = PBXFileReference; lastKnownFileType = sourcecode.swift; path = HomeView.swift; sourceTree = "<group>"; };
		3D8BDF4521D96C5F00254F4A /* ExpenseDisplay.swift */ = {isa = PBXFileReference; lastKnownFileType = sourcecode.swift; path = ExpenseDisplay.swift; sourceTree = "<group>"; };
		3D8BDF4821D96C8D00254F4A /* ExpenseDisplayable.swift */ = {isa = PBXFileReference; lastKnownFileType = sourcecode.swift; path = ExpenseDisplayable.swift; sourceTree = "<group>"; };
		3D8BDF4B21D96DDC00254F4A /* ExpenseTableViewCell.swift */ = {isa = PBXFileReference; lastKnownFileType = sourcecode.swift; path = ExpenseTableViewCell.swift; sourceTree = "<group>"; };
		3D8BDF4D21D96EEB00254F4A /* ExpenseCellProtocol.swift */ = {isa = PBXFileReference; lastKnownFileType = sourcecode.swift; path = ExpenseCellProtocol.swift; sourceTree = "<group>"; };
		3D8BDF4F21D972EA00254F4A /* ExpenseCategoryDisplay.swift */ = {isa = PBXFileReference; lastKnownFileType = sourcecode.swift; path = ExpenseCategoryDisplay.swift; sourceTree = "<group>"; };
		3D9D27F72259CDA7008D3C15 /* UITableViewCell+Register.swift */ = {isa = PBXFileReference; lastKnownFileType = sourcecode.swift; path = "UITableViewCell+Register.swift"; sourceTree = "<group>"; };
		3DACF2432259D70100A60C97 /* CategoriesFilterNavigation.swift */ = {isa = PBXFileReference; fileEncoding = 4; lastKnownFileType = sourcecode.swift; path = CategoriesFilterNavigation.swift; sourceTree = "<group>"; };
		3DACF2442259D70200A60C97 /* CategoriesFilterViewEventHandler.swift */ = {isa = PBXFileReference; fileEncoding = 4; lastKnownFileType = sourcecode.swift; path = CategoriesFilterViewEventHandler.swift; sourceTree = "<group>"; };
		3DACF2452259D70200A60C97 /* CategoriesFilterEntityGatewayProtocol.swift */ = {isa = PBXFileReference; fileEncoding = 4; lastKnownFileType = sourcecode.swift; path = CategoriesFilterEntityGatewayProtocol.swift; sourceTree = "<group>"; };
		3DACF2462259D70200A60C97 /* HomeViewToCategoriesSingleSelectionTransition.swift */ = {isa = PBXFileReference; fileEncoding = 4; lastKnownFileType = sourcecode.swift; path = HomeViewToCategoriesSingleSelectionTransition.swift; sourceTree = "<group>"; };
		3DACF2472259D70200A60C97 /* CategoriesFilterView.swift */ = {isa = PBXFileReference; fileEncoding = 4; lastKnownFileType = sourcecode.swift; path = CategoriesFilterView.swift; sourceTree = "<group>"; };
		3DACF2482259D70200A60C97 /* CategoriesFilterUseCaseProtocol.swift */ = {isa = PBXFileReference; fileEncoding = 4; lastKnownFileType = sourcecode.swift; path = CategoriesFilterUseCaseProtocol.swift; sourceTree = "<group>"; };
		3DACF2512259D7E200A60C97 /* CategoriesFilterPresentable.swift */ = {isa = PBXFileReference; fileEncoding = 4; lastKnownFileType = sourcecode.swift; path = CategoriesFilterPresentable.swift; sourceTree = "<group>"; };
		3DD1457621EA45B500884F28 /* CategoriesFilterTableViewController.swift */ = {isa = PBXFileReference; lastKnownFileType = sourcecode.swift; path = CategoriesFilterTableViewController.swift; sourceTree = "<group>"; };
		3DD1459E21EA476600884F28 /* CategoriesFilterMultiSelectionNavigationSegue.swift */ = {isa = PBXFileReference; lastKnownFileType = sourcecode.swift; path = CategoriesFilterMultiSelectionNavigationSegue.swift; sourceTree = "<group>"; };
		3DD145AE21EA4B3900884F28 /* CategoriesFilterWireframe.swift */ = {isa = PBXFileReference; fileEncoding = 4; lastKnownFileType = sourcecode.swift; path = CategoriesFilterWireframe.swift; sourceTree = "<group>"; };
		3DD145AF21EA4B3900884F28 /* CategoriesFilterEntityGateway.swift */ = {isa = PBXFileReference; fileEncoding = 4; lastKnownFileType = sourcecode.swift; path = CategoriesFilterEntityGateway.swift; sourceTree = "<group>"; };
		3DD145B021EA4B3900884F28 /* CategoriesFilterConnector.swift */ = {isa = PBXFileReference; fileEncoding = 4; lastKnownFileType = sourcecode.swift; path = CategoriesFilterConnector.swift; sourceTree = "<group>"; };
		3DD145B121EA4B3900884F28 /* CategoriesFilterUseCase.swift */ = {isa = PBXFileReference; fileEncoding = 4; lastKnownFileType = sourcecode.swift; path = CategoriesFilterUseCase.swift; sourceTree = "<group>"; };
		3DD145B221EA4B3900884F28 /* CategoriesFilterPresenter.swift */ = {isa = PBXFileReference; fileEncoding = 4; lastKnownFileType = sourcecode.swift; path = CategoriesFilterPresenter.swift; sourceTree = "<group>"; };
		3DD145D421EA4EEC00884F28 /* CategoryDisplayData.swift */ = {isa = PBXFileReference; lastKnownFileType = sourcecode.swift; path = CategoryDisplayData.swift; sourceTree = "<group>"; };
		3DD145D721EA506D00884F28 /* UITableViewCell+CategoryItemView.swift */ = {isa = PBXFileReference; lastKnownFileType = sourcecode.swift; path = "UITableViewCell+CategoryItemView.swift"; sourceTree = "<group>"; };
		3DEFA81D2207CCBF0055D4A9 /* web_statement_bkp.txt */ = {isa = PBXFileReference; lastKnownFileType = text; path = web_statement_bkp.txt; sourceTree = "<group>"; };
		9E1973EE2E6B09F0878300F2 /* Pods_Camililo.framework */ = {isa = PBXFileReference; explicitFileType = wrapper.framework; includeInIndex = 0; path = Pods_Camililo.framework; sourceTree = BUILT_PRODUCTS_DIR; };
		AD06230423D49B1EAD2F29E9 /* Pods-Camililo-IOS.debug.xcconfig */ = {isa = PBXFileReference; includeInIndex = 1; lastKnownFileType = text.xcconfig; name = "Pods-Camililo-IOS.debug.xcconfig"; path = "Pods/Target Support Files/Pods-Camililo-IOS/Pods-Camililo-IOS.debug.xcconfig"; sourceTree = "<group>"; };
		AE386BA02ACD2A2DA625B704 /* Pods_Camililo_IOS.framework */ = {isa = PBXFileReference; explicitFileType = wrapper.framework; includeInIndex = 0; path = Pods_Camililo_IOS.framework; sourceTree = BUILT_PRODUCTS_DIR; };
		C41265367406CA702F5D58F1 /* Pods-Camililo.debug.xcconfig */ = {isa = PBXFileReference; includeInIndex = 1; lastKnownFileType = text.xcconfig; name = "Pods-Camililo.debug.xcconfig"; path = "Pods/Target Support Files/Pods-Camililo/Pods-Camililo.debug.xcconfig"; sourceTree = "<group>"; };
		D51708D611418CC1E40E606A /* Pods-Camililo.release.xcconfig */ = {isa = PBXFileReference; includeInIndex = 1; lastKnownFileType = text.xcconfig; name = "Pods-Camililo.release.xcconfig"; path = "Pods/Target Support Files/Pods-Camililo/Pods-Camililo.release.xcconfig"; sourceTree = "<group>"; };
		D878C6F51226A312ABFF4A90 /* Pods-Camililo-IOS.release.xcconfig */ = {isa = PBXFileReference; includeInIndex = 1; lastKnownFileType = text.xcconfig; name = "Pods-Camililo-IOS.release.xcconfig"; path = "Pods/Target Support Files/Pods-Camililo-IOS/Pods-Camililo-IOS.release.xcconfig"; sourceTree = "<group>"; };
/* End PBXFileReference section */

/* Begin PBXFrameworksBuildPhase section */
		3D62433321D07B8E007C2677 /* Frameworks */ = {
			isa = PBXFrameworksBuildPhase;
			buildActionMask = 2147483647;
			files = (
				A8A91EE088926DC139DCD000 /* Pods_Camililo.framework in Frameworks */,
			);
			runOnlyForDeploymentPostprocessing = 0;
		};
		3D62434121D07BB5007C2677 /* Frameworks */ = {
			isa = PBXFrameworksBuildPhase;
			buildActionMask = 2147483647;
			files = (
				2769C07F6D801A993DF696DA /* Pods_Camililo_IOS.framework in Frameworks */,
			);
			runOnlyForDeploymentPostprocessing = 0;
		};
/* End PBXFrameworksBuildPhase section */

/* Begin PBXGroup section */
		3D375ACB222B08410042079D /* Parsers */ = {
			isa = PBXGroup;
			children = (
				3D375ACC222B084F0042079D /* WebStatementExpenseParser.swift */,
				3D375ACF222B085F0042079D /* CSVExpenseParser.swift */,
			);
			path = Parsers;
			sourceTree = "<group>";
		};
		3D3A1D032259256800EFE799 /* Storyboards */ = {
			isa = PBXGroup;
			children = (
				3D62434A21D07BB5007C2677 /* Main.storyboard */,
				3D3A1D042259257900EFE799 /* Budget.storyboard */,
			);
			path = Storyboards;
			sourceTree = "<group>";
		};
		3D3A1D062259262200EFE799 /* Budget */ = {
			isa = PBXGroup;
			children = (
				3D3A1D072259267200EFE799 /* BudgetSetup */,
			);
			path = Budget;
			sourceTree = "<group>";
		};
		3D3A1D072259267200EFE799 /* BudgetSetup */ = {
			isa = PBXGroup;
			children = (
				3D3A1D0F2259284900EFE799 /* Protocols */,
				3D3A1D0A225926A100EFE799 /* Segue */,
				3D3A1D0B225926B600EFE799 /* BudgetSetupViewController.swift */,
				3D3A1D20225928F900EFE799 /* BudgetSetupConnector.swift */,
				3D3A1D1F225928F900EFE799 /* BudgetSetupEntityGateway.swift */,
				3D3A1D1D225928F900EFE799 /* BudgetSetupPresenter.swift */,
				3D3A1D1C225928F900EFE799 /* BudgetSetupUseCase.swift */,
				3D3A1D1E225928F900EFE799 /* BudgetSetupWireframe.swift */,
			);
			path = BudgetSetup;
			sourceTree = "<group>";
		};
		3D3A1D0A225926A100EFE799 /* Segue */ = {
			isa = PBXGroup;
			children = (
				3D3A1D082259269000EFE799 /* BudgetSetupModalPresentationSegue.swift */,
			);
			path = Segue;
			sourceTree = "<group>";
		};
		3D3A1D0F2259284900EFE799 /* Protocols */ = {
			isa = PBXGroup;
			children = (
				3D3A1D15225928D900EFE799 /* BudgetSetupEntityGatewayProtocol.swift */,
				3D3A1D14225928D900EFE799 /* BudgetSetupNavigation.swift */,
				3D3A1D13225928D900EFE799 /* BudgetSetupPresentable.swift */,
				3D3A1D10225928D800EFE799 /* BudgetSetupUseCaseProtocol.swift */,
				3D3A1D12225928D800EFE799 /* BudgetSetupView.swift */,
				3D3A1D11225928D800EFE799 /* BudgetSetupViewEventHandler.swift */,
			);
			path = Protocols;
			sourceTree = "<group>";
		};
		3D62432D21D07B8E007C2677 = {
			isa = PBXGroup;
			children = (
				3D62433821D07B8E007C2677 /* Camililo */,
				3D62434521D07BB5007C2677 /* Camililo-IOS */,
				3D62433721D07B8E007C2677 /* Products */,
				C8CCFC90B0821AE71073E602 /* Pods */,
				AEAC3634AE057BDD471CE58F /* Frameworks */,
			);
			sourceTree = "<group>";
		};
		3D62433721D07B8E007C2677 /* Products */ = {
			isa = PBXGroup;
			children = (
				3D62433621D07B8E007C2677 /* Camililo */,
				3D62434421D07BB5007C2677 /* Camililo-IOS.app */,
			);
			name = Products;
			sourceTree = "<group>";
		};
		3D62433821D07B8E007C2677 /* Camililo */ = {
			isa = PBXGroup;
			children = (
				3D62436021D07E88007C2677 /* Resources */,
				3D62435621D07BD7007C2677 /* Enums */,
				3D62433921D07B8E007C2677 /* main.swift */,
			);
			path = Camililo;
			sourceTree = "<group>";
		};
		3D62434521D07BB5007C2677 /* Camililo-IOS */ = {
			isa = PBXGroup;
			children = (
				3D9D27FA2259CE38008D3C15 /* Modules */,
				3D9D27F92259CE28008D3C15 /* UI Components */,
				3D9D27F52259CD90008D3C15 /* Extensions */,
				3D3A1D032259256800EFE799 /* Storyboards */,
				3D62434621D07BB5007C2677 /* AppDelegate.swift */,
				3D62434D21D07BB7007C2677 /* Assets.xcassets */,
				3D62434F21D07BB7007C2677 /* LaunchScreen.storyboard */,
				3D62435221D07BB7007C2677 /* Info.plist */,
			);
			path = "Camililo-IOS";
			sourceTree = "<group>";
		};
		3D62435621D07BD7007C2677 /* Enums */ = {
			isa = PBXGroup;
			children = (
				3D62435721D07BE5007C2677 /* ExpenseCategory.swift */,
			);
			path = Enums;
			sourceTree = "<group>";
		};
		3D62436021D07E88007C2677 /* Resources */ = {
			isa = PBXGroup;
			children = (
				3D375ADA222B0A670042079D /* accountactivity.csv */,
				3DEFA81D2207CCBF0055D4A9 /* web_statement_bkp.txt */,
				3D77082322AEF2CC00B215E4 /* web_statement.txt */,
			);
			path = Resources;
			sourceTree = "<group>";
		};
		3D6F456622519AA2005CE4FB /* CalendarPopUpView */ = {
			isa = PBXGroup;
			children = (
				3D6F456722519AA2005CE4FB /* CalendarPopUpView.swift */,
				3D6F456822519AA2005CE4FB /* CalendarPopUpView.xib */,
				3D6F456B22519AD9005CE4FB /* UIView+Corners.swift */,
			);
			path = CalendarPopUpView;
			sourceTree = "<group>";
		};
		3D8BDF3321D9674D00254F4A /* Home */ = {
			isa = PBXGroup;
			children = (
				3D9D27FC2259CE67008D3C15 /* Concrete Classes */,
				3D8BDF3621D9677E00254F4A /* Protocols */,
			);
			path = Home;
			sourceTree = "<group>";
		};
		3D8BDF3621D9677E00254F4A /* Protocols */ = {
			isa = PBXGroup;
			children = (
				3D8BDF3721D9678A00254F4A /* HomeEntityGatewayProtocol.swift */,
				3D8BDF3B21D96A6900254F4A /* HomeUseCaseProtocol.swift */,
				3D8BDF3F21D96AB200254F4A /* HomePresentation.swift */,
				3D8BDF4121D96BAA00254F4A /* HomeViewEventHandler.swift */,
				3D8BDF4321D96BD300254F4A /* HomeView.swift */,
				3D8BDF4821D96C8D00254F4A /* ExpenseDisplayable.swift */,
				3D8BDF4D21D96EEB00254F4A /* ExpenseCellProtocol.swift */,
			);
			path = Protocols;
			sourceTree = "<group>";
		};
		3D8BDF4A21D96DB900254F4A /* Subviews */ = {
			isa = PBXGroup;
			children = (
				3D8BDF4B21D96DDC00254F4A /* ExpenseTableViewCell.swift */,
			);
			path = Subviews;
			sourceTree = "<group>";
		};
		3D9D27F52259CD90008D3C15 /* Extensions */ = {
			isa = PBXGroup;
			children = (
				3D9D27F62259CD97008D3C15 /* UI */,
			);
			path = Extensions;
			sourceTree = "<group>";
		};
		3D9D27F62259CD97008D3C15 /* UI */ = {
			isa = PBXGroup;
			children = (
				3D9D27F72259CDA7008D3C15 /* UITableViewCell+Register.swift */,
			);
			path = UI;
			sourceTree = "<group>";
		};
		3D9D27F92259CE28008D3C15 /* UI Components */ = {
			isa = PBXGroup;
			children = (
				3D6F456622519AA2005CE4FB /* CalendarPopUpView */,
			);
			path = "UI Components";
			sourceTree = "<group>";
		};
		3D9D27FA2259CE38008D3C15 /* Modules */ = {
			isa = PBXGroup;
			children = (
				3DD1457521EA459500884F28 /* CategoriesFilter */,
				3D8BDF3321D9674D00254F4A /* Home */,
				3D3A1D062259262200EFE799 /* Budget */,
			);
			path = Modules;
			sourceTree = "<group>";
		};
		3D9D27FC2259CE67008D3C15 /* Concrete Classes */ = {
			isa = PBXGroup;
			children = (
				3DACF2552259D90800A60C97 /* Models */,
				3D8BDF3D21D96A8300254F4A /* HomeUseCase.swift */,
				3D8BDF3921D96A3800254F4A /* HomePresenter.swift */,
				3D62434821D07BB5007C2677 /* HomeViewController.swift */,
				3D375AD7222B08E00042079D /* HomeConnector.swift */,
				3DEFA81A2207CC610055D4A9 /* EntityGateways */,
				3D8BDF4A21D96DB900254F4A /* Subviews */,
			);
			path = "Concrete Classes";
			sourceTree = "<group>";
		};
		3DACF23E2259D64C00A60C97 /* Protocols */ = {
			isa = PBXGroup;
			children = (
				3DACF2512259D7E200A60C97 /* CategoriesFilterPresentable.swift */,
				3DACF2452259D70200A60C97 /* CategoriesFilterEntityGatewayProtocol.swift */,
				3DACF2432259D70100A60C97 /* CategoriesFilterNavigation.swift */,
				3DACF2482259D70200A60C97 /* CategoriesFilterUseCaseProtocol.swift */,
				3DACF2472259D70200A60C97 /* CategoriesFilterView.swift */,
				3DACF2442259D70200A60C97 /* CategoriesFilterViewEventHandler.swift */,
				3DACF2462259D70200A60C97 /* HomeViewToCategoriesSingleSelectionTransition.swift */,
			);
			path = Protocols;
			sourceTree = "<group>";
		};
		3DACF2542259D89B00A60C97 /* Extensions */ = {
			isa = PBXGroup;
			children = (
				3DD145D721EA506D00884F28 /* UITableViewCell+CategoryItemView.swift */,
			);
			path = Extensions;
			sourceTree = "<group>";
		};
		3DACF2552259D90800A60C97 /* Models */ = {
			isa = PBXGroup;
			children = (
				3D62435B21D07BFF007C2677 /* Expense.swift */,
				3D8BDF4521D96C5F00254F4A /* ExpenseDisplay.swift */,
				3D8BDF4F21D972EA00254F4A /* ExpenseCategoryDisplay.swift */,
			);
			path = Models;
			sourceTree = "<group>";
		};
		3DD1457521EA459500884F28 /* CategoriesFilter */ = {
			isa = PBXGroup;
			children = (
				3DACF2542259D89B00A60C97 /* Extensions */,
				3DACF23E2259D64C00A60C97 /* Protocols */,
				3DD145D321EA4EE400884F28 /* Models */,
				3DD145AD21EA4B3900884F28 /* Concrete Classes */,
			);
			path = CategoriesFilter;
			sourceTree = "<group>";
		};
		3DD1459D21EA473E00884F28 /* Segues */ = {
			isa = PBXGroup;
			children = (
				3DD1459E21EA476600884F28 /* CategoriesFilterMultiSelectionNavigationSegue.swift */,
				3D375ADE222B0E540042079D /* CategoriesFilterSingleSelectionNavigationSegue.swift */,
			);
			path = Segues;
			sourceTree = "<group>";
		};
		3DD145AD21EA4B3900884F28 /* Concrete Classes */ = {
			isa = PBXGroup;
			children = (
				3DD145AE21EA4B3900884F28 /* CategoriesFilterWireframe.swift */,
				3DD145AF21EA4B3900884F28 /* CategoriesFilterEntityGateway.swift */,
				3DD145B021EA4B3900884F28 /* CategoriesFilterConnector.swift */,
				3DD145B121EA4B3900884F28 /* CategoriesFilterUseCase.swift */,
				3DD145B221EA4B3900884F28 /* CategoriesFilterPresenter.swift */,
				3DD1457621EA45B500884F28 /* CategoriesFilterTableViewController.swift */,
				3DD1459D21EA473E00884F28 /* Segues */,
			);
			path = "Concrete Classes";
			sourceTree = "<group>";
		};
		3DD145D321EA4EE400884F28 /* Models */ = {
			isa = PBXGroup;
			children = (
				3DD145D421EA4EEC00884F28 /* CategoryDisplayData.swift */,
			);
			path = Models;
			sourceTree = "<group>";
		};
		3DEFA81A2207CC610055D4A9 /* EntityGateways */ = {
			isa = PBXGroup;
			children = (
				3D375AD3222B087A0042079D /* ExpenseParser.swift */,
				3D375ACB222B08410042079D /* Parsers */,
				3D8BDF3421D9675B00254F4A /* HomeEntityGateway.swift */,
			);
			path = EntityGateways;
			sourceTree = "<group>";
		};
		AEAC3634AE057BDD471CE58F /* Frameworks */ = {
			isa = PBXGroup;
			children = (
				9E1973EE2E6B09F0878300F2 /* Pods_Camililo.framework */,
				AE386BA02ACD2A2DA625B704 /* Pods_Camililo_IOS.framework */,
			);
			name = Frameworks;
			sourceTree = "<group>";
		};
		C8CCFC90B0821AE71073E602 /* Pods */ = {
			isa = PBXGroup;
			children = (
				C41265367406CA702F5D58F1 /* Pods-Camililo.debug.xcconfig */,
				D51708D611418CC1E40E606A /* Pods-Camililo.release.xcconfig */,
				AD06230423D49B1EAD2F29E9 /* Pods-Camililo-IOS.debug.xcconfig */,
				D878C6F51226A312ABFF4A90 /* Pods-Camililo-IOS.release.xcconfig */,
			);
			name = Pods;
			sourceTree = "<group>";
		};
/* End PBXGroup section */

/* Begin PBXNativeTarget section */
		3D62433521D07B8E007C2677 /* Camililo */ = {
			isa = PBXNativeTarget;
			buildConfigurationList = 3D62433D21D07B8E007C2677 /* Build configuration list for PBXNativeTarget "Camililo" */;
			buildPhases = (
				CA22A0E075CDFDE4C68BB3AF /* [CP] Check Pods Manifest.lock */,
				3D62433221D07B8E007C2677 /* Sources */,
				3D62433321D07B8E007C2677 /* Frameworks */,
				3D62433421D07B8E007C2677 /* CopyFiles */,
			);
			buildRules = (
			);
			dependencies = (
			);
			name = Camililo;
			productName = Camililo;
			productReference = 3D62433621D07B8E007C2677 /* Camililo */;
			productType = "com.apple.product-type.tool";
		};
		3D62434321D07BB5007C2677 /* Camililo-IOS */ = {
			isa = PBXNativeTarget;
			buildConfigurationList = 3D62435321D07BB7007C2677 /* Build configuration list for PBXNativeTarget "Camililo-IOS" */;
			buildPhases = (
				1B2E8472AC3DC882C70C81E5 /* [CP] Check Pods Manifest.lock */,
				3D62434021D07BB5007C2677 /* Sources */,
				3D62434121D07BB5007C2677 /* Frameworks */,
				3D62434221D07BB5007C2677 /* Resources */,
				3219662783768C04C262407B /* [CP] Embed Pods Frameworks */,
			);
			buildRules = (
			);
			dependencies = (
			);
			name = "Camililo-IOS";
			productName = "Camililo-IOS";
			productReference = 3D62434421D07BB5007C2677 /* Camililo-IOS.app */;
			productType = "com.apple.product-type.application";
		};
/* End PBXNativeTarget section */

/* Begin PBXProject section */
		3D62432E21D07B8E007C2677 /* Project object */ = {
			isa = PBXProject;
			attributes = {
				LastSwiftUpdateCheck = 1010;
				LastUpgradeCheck = 1010;
				ORGANIZATIONNAME = lilohass;
				TargetAttributes = {
					3D62433521D07B8E007C2677 = {
						CreatedOnToolsVersion = 10.1;
					};
					3D62434321D07BB5007C2677 = {
						CreatedOnToolsVersion = 10.1;
					};
				};
			};
			buildConfigurationList = 3D62433121D07B8E007C2677 /* Build configuration list for PBXProject "Camililo" */;
			compatibilityVersion = "Xcode 9.3";
			developmentRegion = en;
			hasScannedForEncodings = 0;
			knownRegions = (
				en,
				Base,
			);
			mainGroup = 3D62432D21D07B8E007C2677;
			productRefGroup = 3D62433721D07B8E007C2677 /* Products */;
			projectDirPath = "";
			projectRoot = "";
			targets = (
				3D62433521D07B8E007C2677 /* Camililo */,
				3D62434321D07BB5007C2677 /* Camililo-IOS */,
			);
		};
/* End PBXProject section */

/* Begin PBXResourcesBuildPhase section */
		3D62434221D07BB5007C2677 /* Resources */ = {
			isa = PBXResourcesBuildPhase;
			buildActionMask = 2147483647;
			files = (
				3D62435121D07BB7007C2677 /* LaunchScreen.storyboard in Resources */,
				3D77082422AEF2CC00B215E4 /* web_statement.txt in Resources */,
				3D6F456A22519AA2005CE4FB /* CalendarPopUpView.xib in Resources */,
				3D62434E21D07BB7007C2677 /* Assets.xcassets in Resources */,
				3D375ADB222B0A670042079D /* accountactivity.csv in Resources */,
				3D62434C21D07BB5007C2677 /* Main.storyboard in Resources */,
				3D3A1D052259257900EFE799 /* Budget.storyboard in Resources */,
				3DEFA81E2207CCBF0055D4A9 /* web_statement_bkp.txt in Resources */,
			);
			runOnlyForDeploymentPostprocessing = 0;
		};
/* End PBXResourcesBuildPhase section */

/* Begin PBXShellScriptBuildPhase section */
		1B2E8472AC3DC882C70C81E5 /* [CP] Check Pods Manifest.lock */ = {
			isa = PBXShellScriptBuildPhase;
			buildActionMask = 2147483647;
			files = (
			);
			inputPaths = (
				"${PODS_PODFILE_DIR_PATH}/Podfile.lock",
				"${PODS_ROOT}/Manifest.lock",
			);
			name = "[CP] Check Pods Manifest.lock";
			outputPaths = (
				"$(DERIVED_FILE_DIR)/Pods-Camililo-IOS-checkManifestLockResult.txt",
			);
			runOnlyForDeploymentPostprocessing = 0;
			shellPath = /bin/sh;
			shellScript = "diff \"${PODS_PODFILE_DIR_PATH}/Podfile.lock\" \"${PODS_ROOT}/Manifest.lock\" > /dev/null\nif [ $? != 0 ] ; then\n    # print error to STDERR\n    echo \"error: The sandbox is not in sync with the Podfile.lock. Run 'pod install' or update your CocoaPods installation.\" >&2\n    exit 1\nfi\n# This output is used by Xcode 'outputs' to avoid re-running this script phase.\necho \"SUCCESS\" > \"${SCRIPT_OUTPUT_FILE_0}\"\n";
			showEnvVarsInLog = 0;
		};
		3219662783768C04C262407B /* [CP] Embed Pods Frameworks */ = {
			isa = PBXShellScriptBuildPhase;
			buildActionMask = 2147483647;
			files = (
			);
			inputPaths = (
				"${SRCROOT}/Pods/Target Support Files/Pods-Camililo-IOS/Pods-Camililo-IOS-frameworks.sh",
				"${BUILT_PRODUCTS_DIR}/Realm/Realm.framework",
				"${BUILT_PRODUCTS_DIR}/RealmSwift/RealmSwift.framework",
				"${BUILT_PRODUCTS_DIR}/Toast-Swift/Toast_Swift.framework",
				"${BUILT_PRODUCTS_DIR}/VACalendar/VACalendar.framework",
			);
			name = "[CP] Embed Pods Frameworks";
			outputPaths = (
				"${TARGET_BUILD_DIR}/${FRAMEWORKS_FOLDER_PATH}/Realm.framework",
				"${TARGET_BUILD_DIR}/${FRAMEWORKS_FOLDER_PATH}/RealmSwift.framework",
				"${TARGET_BUILD_DIR}/${FRAMEWORKS_FOLDER_PATH}/Toast_Swift.framework",
				"${TARGET_BUILD_DIR}/${FRAMEWORKS_FOLDER_PATH}/VACalendar.framework",
			);
			runOnlyForDeploymentPostprocessing = 0;
			shellPath = /bin/sh;
			shellScript = "\"${SRCROOT}/Pods/Target Support Files/Pods-Camililo-IOS/Pods-Camililo-IOS-frameworks.sh\"\n";
			showEnvVarsInLog = 0;
		};
		CA22A0E075CDFDE4C68BB3AF /* [CP] Check Pods Manifest.lock */ = {
			isa = PBXShellScriptBuildPhase;
			buildActionMask = 2147483647;
			files = (
			);
			inputPaths = (
				"${PODS_PODFILE_DIR_PATH}/Podfile.lock",
				"${PODS_ROOT}/Manifest.lock",
			);
			name = "[CP] Check Pods Manifest.lock";
			outputPaths = (
				"$(DERIVED_FILE_DIR)/Pods-Camililo-checkManifestLockResult.txt",
			);
			runOnlyForDeploymentPostprocessing = 0;
			shellPath = /bin/sh;
			shellScript = "diff \"${PODS_PODFILE_DIR_PATH}/Podfile.lock\" \"${PODS_ROOT}/Manifest.lock\" > /dev/null\nif [ $? != 0 ] ; then\n    # print error to STDERR\n    echo \"error: The sandbox is not in sync with the Podfile.lock. Run 'pod install' or update your CocoaPods installation.\" >&2\n    exit 1\nfi\n# This output is used by Xcode 'outputs' to avoid re-running this script phase.\necho \"SUCCESS\" > \"${SCRIPT_OUTPUT_FILE_0}\"\n";
			showEnvVarsInLog = 0;
		};
/* End PBXShellScriptBuildPhase section */

/* Begin PBXSourcesBuildPhase section */
		3D62433221D07B8E007C2677 /* Sources */ = {
			isa = PBXSourcesBuildPhase;
			buildActionMask = 2147483647;
			files = (
				3DD145BB21EA4B3900884F28 /* CategoriesFilterWireframe.swift in Sources */,
				3D375ACD222B084F0042079D /* WebStatementExpenseParser.swift in Sources */,
				3DD145D521EA4EEC00884F28 /* CategoryDisplayData.swift in Sources */,
				3DD145BD21EA4B3900884F28 /* CategoriesFilterEntityGateway.swift in Sources */,
				3D62435C21D07BFF007C2677 /* Expense.swift in Sources */,
				3DD145C121EA4B3900884F28 /* CategoriesFilterUseCase.swift in Sources */,
				3D62435821D07BE5007C2677 /* ExpenseCategory.swift in Sources */,
				3DACF2532259D88A00A60C97 /* CategoriesFilterTableViewController.swift in Sources */,
				3D62433A21D07B8E007C2677 /* main.swift in Sources */,
				3DD145C321EA4B3900884F28 /* CategoriesFilterPresenter.swift in Sources */,
				3D375AD0222B085F0042079D /* CSVExpenseParser.swift in Sources */,
				3DD145BF21EA4B3900884F28 /* CategoriesFilterConnector.swift in Sources */,
			);
			runOnlyForDeploymentPostprocessing = 0;
		};
		3D62434021D07BB5007C2677 /* Sources */ = {
			isa = PBXSourcesBuildPhase;
			buildActionMask = 2147483647;
			files = (
				3DACF24C2259D70200A60C97 /* HomeViewToCategoriesSingleSelectionTransition.swift in Sources */,
				3D8BDF4C21D96DDC00254F4A /* ExpenseTableViewCell.swift in Sources */,
				3D8BDF4721D96C6200254F4A /* ExpenseDisplay.swift in Sources */,
				3DD145D621EA4EEC00884F28 /* CategoryDisplayData.swift in Sources */,
				3DACF23B2259D4A000A60C97 /* HomeEntityGateway.swift in Sources */,
				3D8BDF3E21D96A8300254F4A /* HomeUseCase.swift in Sources */,
				3D8BDF3C21D96A6900254F4A /* HomeUseCaseProtocol.swift in Sources */,
				3D8BDF5021D972EA00254F4A /* ExpenseCategoryDisplay.swift in Sources */,
				3D8BDF4021D96AB200254F4A /* HomePresentation.swift in Sources */,
				3D3A1D19225928D900EFE799 /* BudgetSetupPresentable.swift in Sources */,
				3D8BDF3821D9678A00254F4A /* HomeEntityGatewayProtocol.swift in Sources */,
				3D375AD1222B085F0042079D /* CSVExpenseParser.swift in Sources */,
				3DD1459F21EA476600884F28 /* CategoriesFilterMultiSelectionNavigationSegue.swift in Sources */,
				3D3A1D1B225928D900EFE799 /* BudgetSetupEntityGatewayProtocol.swift in Sources */,
				3DD145BC21EA4B3900884F28 /* CategoriesFilterWireframe.swift in Sources */,
				3DACF2492259D70200A60C97 /* CategoriesFilterNavigation.swift in Sources */,
				3D8BDF4921D96C8D00254F4A /* ExpenseDisplayable.swift in Sources */,
				3D9D27F82259CDA7008D3C15 /* UITableViewCell+Register.swift in Sources */,
				3D375ACE222B084F0042079D /* WebStatementExpenseParser.swift in Sources */,
				3D8BDF3A21D96A3800254F4A /* HomePresenter.swift in Sources */,
				3DD145BE21EA4B3900884F28 /* CategoriesFilterEntityGateway.swift in Sources */,
				3D375ADF222B0E540042079D /* CategoriesFilterSingleSelectionNavigationSegue.swift in Sources */,
				3D3A1D24225928F900EFE799 /* BudgetSetupEntityGateway.swift in Sources */,
				3DACF2522259D7E200A60C97 /* CategoriesFilterPresentable.swift in Sources */,
				3D3A1D16225928D900EFE799 /* BudgetSetupUseCaseProtocol.swift in Sources */,
				3D62435D21D07BFF007C2677 /* Expense.swift in Sources */,
				3D375AD5222B087A0042079D /* ExpenseParser.swift in Sources */,
				3D62434921D07BB5007C2677 /* HomeViewController.swift in Sources */,
				3D3A1D21225928F900EFE799 /* BudgetSetupUseCase.swift in Sources */,
				3DACF24B2259D70200A60C97 /* CategoriesFilterEntityGatewayProtocol.swift in Sources */,
				3D3A1D25225928F900EFE799 /* BudgetSetupConnector.swift in Sources */,
				3D62434721D07BB5007C2677 /* AppDelegate.swift in Sources */,
				3D3A1D092259269000EFE799 /* BudgetSetupModalPresentationSegue.swift in Sources */,
				3D3A1D23225928F900EFE799 /* BudgetSetupWireframe.swift in Sources */,
				3DACF24A2259D70200A60C97 /* CategoriesFilterViewEventHandler.swift in Sources */,
				3DD1457721EA45B500884F28 /* CategoriesFilterTableViewController.swift in Sources */,
				3D6F456922519AA2005CE4FB /* CalendarPopUpView.swift in Sources */,
				3DD145D821EA506D00884F28 /* UITableViewCell+CategoryItemView.swift in Sources */,
				3D3A1D18225928D900EFE799 /* BudgetSetupView.swift in Sources */,
				3DD145C221EA4B3900884F28 /* CategoriesFilterUseCase.swift in Sources */,
				3D8BDF4421D96BD300254F4A /* HomeView.swift in Sources */,
				3DACF24E2259D70200A60C97 /* CategoriesFilterUseCaseProtocol.swift in Sources */,
				3D3A1D0C225926B600EFE799 /* BudgetSetupViewController.swift in Sources */,
				3D62435921D07BE5007C2677 /* ExpenseCategory.swift in Sources */,
				3D6F456C22519AD9005CE4FB /* UIView+Corners.swift in Sources */,
				3DD145C021EA4B3900884F28 /* CategoriesFilterConnector.swift in Sources */,
				3DACF24D2259D70200A60C97 /* CategoriesFilterView.swift in Sources */,
				3D8BDF4E21D96EEB00254F4A /* ExpenseCellProtocol.swift in Sources */,
				3D3A1D1A225928D900EFE799 /* BudgetSetupNavigation.swift in Sources */,
				3DD145C421EA4B3900884F28 /* CategoriesFilterPresenter.swift in Sources */,
				3D3A1D17225928D900EFE799 /* BudgetSetupViewEventHandler.swift in Sources */,
				3D3A1D22225928F900EFE799 /* BudgetSetupPresenter.swift in Sources */,
				3D375AD9222B08E00042079D /* HomeConnector.swift in Sources */,
				3D8BDF4221D96BAA00254F4A /* HomeViewEventHandler.swift in Sources */,
			);
			runOnlyForDeploymentPostprocessing = 0;
		};
/* End PBXSourcesBuildPhase section */

/* Begin PBXVariantGroup section */
		3D62434A21D07BB5007C2677 /* Main.storyboard */ = {
			isa = PBXVariantGroup;
			children = (
				3D62434B21D07BB5007C2677 /* Base */,
			);
			name = Main.storyboard;
			sourceTree = "<group>";
		};
		3D62434F21D07BB7007C2677 /* LaunchScreen.storyboard */ = {
			isa = PBXVariantGroup;
			children = (
				3D62435021D07BB7007C2677 /* Base */,
			);
			name = LaunchScreen.storyboard;
			sourceTree = "<group>";
		};
/* End PBXVariantGroup section */

/* Begin XCBuildConfiguration section */
		3D62433B21D07B8E007C2677 /* Debug */ = {
			isa = XCBuildConfiguration;
			buildSettings = {
				ALWAYS_SEARCH_USER_PATHS = NO;
				CLANG_ANALYZER_NONNULL = YES;
				CLANG_ANALYZER_NUMBER_OBJECT_CONVERSION = YES_AGGRESSIVE;
				CLANG_CXX_LANGUAGE_STANDARD = "gnu++14";
				CLANG_CXX_LIBRARY = "libc++";
				CLANG_ENABLE_MODULES = YES;
				CLANG_ENABLE_OBJC_ARC = YES;
				CLANG_ENABLE_OBJC_WEAK = YES;
				CLANG_WARN_BLOCK_CAPTURE_AUTORELEASING = YES;
				CLANG_WARN_BOOL_CONVERSION = YES;
				CLANG_WARN_COMMA = YES;
				CLANG_WARN_CONSTANT_CONVERSION = YES;
				CLANG_WARN_DEPRECATED_OBJC_IMPLEMENTATIONS = YES;
				CLANG_WARN_DIRECT_OBJC_ISA_USAGE = YES_ERROR;
				CLANG_WARN_DOCUMENTATION_COMMENTS = YES;
				CLANG_WARN_EMPTY_BODY = YES;
				CLANG_WARN_ENUM_CONVERSION = YES;
				CLANG_WARN_INFINITE_RECURSION = YES;
				CLANG_WARN_INT_CONVERSION = YES;
				CLANG_WARN_NON_LITERAL_NULL_CONVERSION = YES;
				CLANG_WARN_OBJC_IMPLICIT_RETAIN_SELF = YES;
				CLANG_WARN_OBJC_LITERAL_CONVERSION = YES;
				CLANG_WARN_OBJC_ROOT_CLASS = YES_ERROR;
				CLANG_WARN_RANGE_LOOP_ANALYSIS = YES;
				CLANG_WARN_STRICT_PROTOTYPES = YES;
				CLANG_WARN_SUSPICIOUS_MOVE = YES;
				CLANG_WARN_UNGUARDED_AVAILABILITY = YES_AGGRESSIVE;
				CLANG_WARN_UNREACHABLE_CODE = YES;
				CLANG_WARN__DUPLICATE_METHOD_MATCH = YES;
				CODE_SIGN_IDENTITY = "Mac Developer";
				COPY_PHASE_STRIP = NO;
				DEBUG_INFORMATION_FORMAT = dwarf;
				ENABLE_STRICT_OBJC_MSGSEND = YES;
				ENABLE_TESTABILITY = YES;
				GCC_C_LANGUAGE_STANDARD = gnu11;
				GCC_DYNAMIC_NO_PIC = NO;
				GCC_NO_COMMON_BLOCKS = YES;
				GCC_OPTIMIZATION_LEVEL = 0;
				GCC_PREPROCESSOR_DEFINITIONS = (
					"DEBUG=1",
					"$(inherited)",
				);
				GCC_WARN_64_TO_32_BIT_CONVERSION = YES;
				GCC_WARN_ABOUT_RETURN_TYPE = YES_ERROR;
				GCC_WARN_UNDECLARED_SELECTOR = YES;
				GCC_WARN_UNINITIALIZED_AUTOS = YES_AGGRESSIVE;
				GCC_WARN_UNUSED_FUNCTION = YES;
				GCC_WARN_UNUSED_VARIABLE = YES;
				MACOSX_DEPLOYMENT_TARGET = 10.14;
				MTL_ENABLE_DEBUG_INFO = INCLUDE_SOURCE;
				MTL_FAST_MATH = YES;
				ONLY_ACTIVE_ARCH = YES;
				SDKROOT = macosx;
				SWIFT_ACTIVE_COMPILATION_CONDITIONS = DEBUG;
				SWIFT_OPTIMIZATION_LEVEL = "-Onone";
			};
			name = Debug;
		};
		3D62433C21D07B8E007C2677 /* Release */ = {
			isa = XCBuildConfiguration;
			buildSettings = {
				ALWAYS_SEARCH_USER_PATHS = NO;
				CLANG_ANALYZER_NONNULL = YES;
				CLANG_ANALYZER_NUMBER_OBJECT_CONVERSION = YES_AGGRESSIVE;
				CLANG_CXX_LANGUAGE_STANDARD = "gnu++14";
				CLANG_CXX_LIBRARY = "libc++";
				CLANG_ENABLE_MODULES = YES;
				CLANG_ENABLE_OBJC_ARC = YES;
				CLANG_ENABLE_OBJC_WEAK = YES;
				CLANG_WARN_BLOCK_CAPTURE_AUTORELEASING = YES;
				CLANG_WARN_BOOL_CONVERSION = YES;
				CLANG_WARN_COMMA = YES;
				CLANG_WARN_CONSTANT_CONVERSION = YES;
				CLANG_WARN_DEPRECATED_OBJC_IMPLEMENTATIONS = YES;
				CLANG_WARN_DIRECT_OBJC_ISA_USAGE = YES_ERROR;
				CLANG_WARN_DOCUMENTATION_COMMENTS = YES;
				CLANG_WARN_EMPTY_BODY = YES;
				CLANG_WARN_ENUM_CONVERSION = YES;
				CLANG_WARN_INFINITE_RECURSION = YES;
				CLANG_WARN_INT_CONVERSION = YES;
				CLANG_WARN_NON_LITERAL_NULL_CONVERSION = YES;
				CLANG_WARN_OBJC_IMPLICIT_RETAIN_SELF = YES;
				CLANG_WARN_OBJC_LITERAL_CONVERSION = YES;
				CLANG_WARN_OBJC_ROOT_CLASS = YES_ERROR;
				CLANG_WARN_RANGE_LOOP_ANALYSIS = YES;
				CLANG_WARN_STRICT_PROTOTYPES = YES;
				CLANG_WARN_SUSPICIOUS_MOVE = YES;
				CLANG_WARN_UNGUARDED_AVAILABILITY = YES_AGGRESSIVE;
				CLANG_WARN_UNREACHABLE_CODE = YES;
				CLANG_WARN__DUPLICATE_METHOD_MATCH = YES;
				CODE_SIGN_IDENTITY = "Mac Developer";
				COPY_PHASE_STRIP = NO;
				DEBUG_INFORMATION_FORMAT = "dwarf-with-dsym";
				ENABLE_NS_ASSERTIONS = NO;
				ENABLE_STRICT_OBJC_MSGSEND = YES;
				GCC_C_LANGUAGE_STANDARD = gnu11;
				GCC_NO_COMMON_BLOCKS = YES;
				GCC_WARN_64_TO_32_BIT_CONVERSION = YES;
				GCC_WARN_ABOUT_RETURN_TYPE = YES_ERROR;
				GCC_WARN_UNDECLARED_SELECTOR = YES;
				GCC_WARN_UNINITIALIZED_AUTOS = YES_AGGRESSIVE;
				GCC_WARN_UNUSED_FUNCTION = YES;
				GCC_WARN_UNUSED_VARIABLE = YES;
				MACOSX_DEPLOYMENT_TARGET = 10.14;
				MTL_ENABLE_DEBUG_INFO = NO;
				MTL_FAST_MATH = YES;
				SDKROOT = macosx;
				SWIFT_COMPILATION_MODE = wholemodule;
				SWIFT_OPTIMIZATION_LEVEL = "-O";
			};
			name = Release;
		};
		3D62433E21D07B8E007C2677 /* Debug */ = {
			isa = XCBuildConfiguration;
			baseConfigurationReference = C41265367406CA702F5D58F1 /* Pods-Camililo.debug.xcconfig */;
			buildSettings = {
				CODE_SIGN_IDENTITY = "Mac Developer";
				CODE_SIGN_STYLE = Automatic;
				DEVELOPMENT_TEAM = R8DRDAPLCP;
				PRODUCT_NAME = "$(TARGET_NAME)";
				PROVISIONING_PROFILE_SPECIFIER = "";
				SWIFT_VERSION = 4.2;
			};
			name = Debug;
		};
		3D62433F21D07B8E007C2677 /* Release */ = {
			isa = XCBuildConfiguration;
			baseConfigurationReference = D51708D611418CC1E40E606A /* Pods-Camililo.release.xcconfig */;
			buildSettings = {
				CODE_SIGN_IDENTITY = "Mac Developer";
				CODE_SIGN_STYLE = Automatic;
				DEVELOPMENT_TEAM = R8DRDAPLCP;
				PRODUCT_NAME = "$(TARGET_NAME)";
				PROVISIONING_PROFILE_SPECIFIER = "";
				SWIFT_VERSION = 4.2;
			};
			name = Release;
		};
		3D62435421D07BB7007C2677 /* Debug */ = {
			isa = XCBuildConfiguration;
			baseConfigurationReference = AD06230423D49B1EAD2F29E9 /* Pods-Camililo-IOS.debug.xcconfig */;
			buildSettings = {
				ASSETCATALOG_COMPILER_APPICON_NAME = AppIcon;
				CODE_SIGN_IDENTITY = "iPhone Developer";
				CODE_SIGN_STYLE = Automatic;
				DEVELOPMENT_TEAM = D79WER8U7B;
				INFOPLIST_FILE = "Camililo-IOS/Info.plist";
				IPHONEOS_DEPLOYMENT_TARGET = 12.0;
				LD_RUNPATH_SEARCH_PATHS = (
					"$(inherited)",
					"@executable_path/Frameworks",
				);
				PRODUCT_BUNDLE_IDENTIFIER = "com.lilohass.Camililo-IOS";
				PRODUCT_NAME = "$(TARGET_NAME)";
				SDKROOT = iphoneos;
				SWIFT_VERSION = 4.2;
				TARGETED_DEVICE_FAMILY = "1,2";
			};
			name = Debug;
		};
		3D62435521D07BB7007C2677 /* Release */ = {
			isa = XCBuildConfiguration;
			baseConfigurationReference = D878C6F51226A312ABFF4A90 /* Pods-Camililo-IOS.release.xcconfig */;
			buildSettings = {
				ASSETCATALOG_COMPILER_APPICON_NAME = AppIcon;
				CODE_SIGN_IDENTITY = "iPhone Developer";
				CODE_SIGN_STYLE = Automatic;
				DEVELOPMENT_TEAM = D79WER8U7B;
				INFOPLIST_FILE = "Camililo-IOS/Info.plist";
				IPHONEOS_DEPLOYMENT_TARGET = 12.0;
				LD_RUNPATH_SEARCH_PATHS = (
					"$(inherited)",
					"@executable_path/Frameworks",
				);
				PRODUCT_BUNDLE_IDENTIFIER = "com.lilohass.Camililo-IOS";
				PRODUCT_NAME = "$(TARGET_NAME)";
				SDKROOT = iphoneos;
				SWIFT_VERSION = 4.2;
				TARGETED_DEVICE_FAMILY = "1,2";
				VALIDATE_PRODUCT = YES;
			};
			name = Release;
		};
/* End XCBuildConfiguration section */

/* Begin XCConfigurationList section */
		3D62433121D07B8E007C2677 /* Build configuration list for PBXProject "Camililo" */ = {
			isa = XCConfigurationList;
			buildConfigurations = (
				3D62433B21D07B8E007C2677 /* Debug */,
				3D62433C21D07B8E007C2677 /* Release */,
			);
			defaultConfigurationIsVisible = 0;
			defaultConfigurationName = Release;
		};
		3D62433D21D07B8E007C2677 /* Build configuration list for PBXNativeTarget "Camililo" */ = {
			isa = XCConfigurationList;
			buildConfigurations = (
				3D62433E21D07B8E007C2677 /* Debug */,
				3D62433F21D07B8E007C2677 /* Release */,
			);
			defaultConfigurationIsVisible = 0;
			defaultConfigurationName = Release;
		};
		3D62435321D07BB7007C2677 /* Build configuration list for PBXNativeTarget "Camililo-IOS" */ = {
			isa = XCConfigurationList;
			buildConfigurations = (
				3D62435421D07BB7007C2677 /* Debug */,
				3D62435521D07BB7007C2677 /* Release */,
			);
			defaultConfigurationIsVisible = 0;
			defaultConfigurationName = Release;
		};
/* End XCConfigurationList section */
	};
	rootObject = 3D62432E21D07B8E007C2677 /* Project object */;
}
